
Microsoft Visual Studio Solution File, Format Version 12.00
# Visual Studio Version 17
VisualStudioVersion = 17.8.34511.84
MinimumVisualStudioVersion = 10.0.40219.1
Project("{FAE04EC0-301F-11D3-BF4B-00C04F79EFBC}") = "practice_13", "practice_13\practice_13.csproj", "{329E0E8D-B6C3-4D8B-A2B6-2DA7FE5F4C62}"
EndProject
Global
	GlobalSection(SolutionConfigurationPlatforms) = preSolution
		Debug|Any CPU = Debug|Any CPU
		Release|Any CPU = Release|Any CPU
	EndGlobalSection
	GlobalSection(ProjectConfigurationPlatforms) = postSolution
		{329E0E8D-B6C3-4D8B-A2B6-2DA7FE5F4C62}.Debug|Any CPU.ActiveCfg = Debug|Any CPU
		{329E0E8D-B6C3-4D8B-A2B6-2DA7FE5F4C62}.Debug|Any CPU.Build.0 = Debug|Any CPU
		{329E0E8D-B6C3-4D8B-A2B6-2DA7FE5F4C62}.Release|Any CPU.ActiveCfg = Release|Any CPU
		{329E0E8D-B6C3-4D8B-A2B6-2DA7FE5F4C62}.Release|Any CPU.Build.0 = Release|Any CPU
	EndGlobalSection
	GlobalSection(SolutionProperties) = preSolution
		HideSolutionNode = FALSE
	EndGlobalSection
	GlobalSection(ExtensibilityGlobals) = postSolution
		SolutionGuid = {FC608488-5DD6-43AB-8A6A-B9A150040FB4}
	EndGlobalSection
EndGlobal
