
Microsoft Visual Studio Solution File, Format Version 12.00
# Visual Studio Version 17
VisualStudioVersion = 17.8.34511.84
MinimumVisualStudioVersion = 10.0.40219.1
Project("{FAE04EC0-301F-11D3-BF4B-00C04F79EFBC}") = "practice_11", "practice_11\practice_11.csproj", "{A6C30E41-A329-4480-B03F-6FB80696F05B}"
EndProject
Project("{FAE04EC0-301F-11D3-BF4B-00C04F79EFBC}") = "practice_11_1", "practice_11_1\practice_11_1.csproj", "{CF857D83-B579-4990-B659-1BB9F4C889BA}"
EndProject
Project("{FAE04EC0-301F-11D3-BF4B-00C04F79EFBC}") = "practice_11_6", "practice_11_6\practice_11_6.csproj", "{4594A141-715B-41AA-9402-E07BCC7CDBDB}"
EndProject
Global
	GlobalSection(SolutionConfigurationPlatforms) = preSolution
		Debug|Any CPU = Debug|Any CPU
		Release|Any CPU = Release|Any CPU
	EndGlobalSection
	GlobalSection(ProjectConfigurationPlatforms) = postSolution
		{A6C30E41-A329-4480-B03F-6FB80696F05B}.Debug|Any CPU.ActiveCfg = Debug|Any CPU
		{A6C30E41-A329-4480-B03F-6FB80696F05B}.Debug|Any CPU.Build.0 = Debug|Any CPU
		{A6C30E41-A329-4480-B03F-6FB80696F05B}.Release|Any CPU.ActiveCfg = Release|Any CPU
		{A6C30E41-A329-4480-B03F-6FB80696F05B}.Release|Any CPU.Build.0 = Release|Any CPU
		{CF857D83-B579-4990-B659-1BB9F4C889BA}.Debug|Any CPU.ActiveCfg = Debug|Any CPU
		{CF857D83-B579-4990-B659-1BB9F4C889BA}.Debug|Any CPU.Build.0 = Debug|Any CPU
		{CF857D83-B579-4990-B659-1BB9F4C889BA}.Release|Any CPU.ActiveCfg = Release|Any CPU
		{CF857D83-B579-4990-B659-1BB9F4C889BA}.Release|Any CPU.Build.0 = Release|Any CPU
		{4594A141-715B-41AA-9402-E07BCC7CDBDB}.Debug|Any CPU.ActiveCfg = Debug|Any CPU
		{4594A141-715B-41AA-9402-E07BCC7CDBDB}.Debug|Any CPU.Build.0 = Debug|Any CPU
		{4594A141-715B-41AA-9402-E07BCC7CDBDB}.Release|Any CPU.ActiveCfg = Release|Any CPU
		{4594A141-715B-41AA-9402-E07BCC7CDBDB}.Release|Any CPU.Build.0 = Release|Any CPU
	EndGlobalSection
	GlobalSection(SolutionProperties) = preSolution
		HideSolutionNode = FALSE
	EndGlobalSection
	GlobalSection(ExtensibilityGlobals) = postSolution
		SolutionGuid = {45C5C163-733B-4477-90C5-D4F2979326E5}
	EndGlobalSection
EndGlobal
